
Microsoft Visual Studio Solution File, Format Version 12.00
# Visual Studio Version 17
VisualStudioVersion = 17.4.33122.133
MinimumVisualStudioVersion = 10.0.40219.1
Project("{FAE04EC0-301F-11D3-BF4B-00C04F79EFBC}") = "Vulnerable-app", "Vulnerable-app\Vulnerable-app.csproj", "{0EB17073-6D7A-4966-A49B-7AE3CA79BA41}"
EndProject
Global
	GlobalSection(SolutionConfigurationPlatforms) = preSolution
		Debug|Any CPU = Debug|Any CPU
		Release|Any CPU = Release|Any CPU
	EndGlobalSection
	GlobalSection(ProjectConfigurationPlatforms) = postSolution
		{0EB17073-6D7A-4966-A49B-7AE3CA79BA41}.Debug|Any CPU.ActiveCfg = Debug|Any CPU
		{0EB17073-6D7A-4966-A49B-7AE3CA79BA41}.Debug|Any CPU.Build.0 = Debug|Any CPU
		{0EB17073-6D7A-4966-A49B-7AE3CA79BA41}.Release|Any CPU.ActiveCfg = Release|Any CPU
		{0EB17073-6D7A-4966-A49B-7AE3CA79BA41}.Release|Any CPU.Build.0 = Release|Any CPU
	EndGlobalSection
	GlobalSection(SolutionProperties) = preSolution
		HideSolutionNode = FALSE
	EndGlobalSection
	GlobalSection(ExtensibilityGlobals) = postSolution
		SolutionGuid = {4F353C4B-32AC-461D-9FDB-AA3C3BB4F877}
	EndGlobalSection
EndGlobal
